
Microsoft Visual Studio Solution File, Format Version 12.00
# Visual Studio Version 16
VisualStudioVersion = 16.0.30621.155
MinimumVisualStudioVersion = 10.0.40219.1
Project("{9A19103F-16F7-4668-BE54-9A1E7A4F7556}") = "QrCodeGenerator", "QrCodeGenerator\QrCodeGenerator.csproj", "{59D32E1D-4389-420F-9E3B-89511C2D00E7}"
EndProject
Project("{9A19103F-16F7-4668-BE54-9A1E7A4F7556}") = "Demo", "Demo\Demo.csproj", "{1DC53F75-6392-4ED6-A22C-D9A1B5181252}"
EndProject
Global
	GlobalSection(SolutionConfigurationPlatforms) = preSolution
		Debug|Any CPU = Debug|Any CPU
		Release|Any CPU = Release|Any CPU
	EndGlobalSection
	GlobalSection(ProjectConfigurationPlatforms) = postSolution
		{59D32E1D-4389-420F-9E3B-89511C2D00E7}.Debug|Any CPU.ActiveCfg = Debug|Any CPU
		{59D32E1D-4389-420F-9E3B-89511C2D00E7}.Debug|Any CPU.Build.0 = Debug|Any CPU
		{59D32E1D-4389-420F-9E3B-89511C2D00E7}.Release|Any CPU.ActiveCfg = Release|Any CPU
		{59D32E1D-4389-420F-9E3B-89511C2D00E7}.Release|Any CPU.Build.0 = Release|Any CPU
		{1DC53F75-6392-4ED6-A22C-D9A1B5181252}.Debug|Any CPU.ActiveCfg = Debug|Any CPU
		{1DC53F75-6392-4ED6-A22C-D9A1B5181252}.Debug|Any CPU.Build.0 = Debug|Any CPU
		{1DC53F75-6392-4ED6-A22C-D9A1B5181252}.Release|Any CPU.ActiveCfg = Release|Any CPU
		{1DC53F75-6392-4ED6-A22C-D9A1B5181252}.Release|Any CPU.Build.0 = Release|Any CPU
	EndGlobalSection
	GlobalSection(SolutionProperties) = preSolution
		HideSolutionNode = FALSE
	EndGlobalSection
	GlobalSection(ExtensibilityGlobals) = postSolution
		SolutionGuid = {9F1CC914-C13A-4C43-B585-E43BFBD19133}
	EndGlobalSection
EndGlobal
